lockfileVersion: '6.0'

dependencies:
  lodash-es:
    specifier: ^4.17.21
    version: 4.17.21

devDependencies:
  '@types/lodash-es':
    specifier: ^4.17.8
    version: 4.17.8

packages:

  /@types/lodash-es@4.17.8:
    resolution: {integrity: sha512-euY3XQcZmIzSy7YH5+Unb3b2X12Wtk54YWINBvvGQ5SmMvwb11JQskGsfkH/5HXK77Kr8GF0wkVDIxzAisWtog==}
    dependencies:
      '@types/lodash': 4.14.196
    dev: true

  /@types/lodash@4.14.196:
    resolution: {integrity: sha512-22y3o88f4a94mKljsZcanlNWPzO0uBsBdzLAngf2tp533LzZcQzb6+eZPJ+vCTt+bqF2XnvT9gejTLsAcJAJyQ==}
    dev: true

  /lodash-es@4.17.21:
    resolution: {integrity: sha512-mKnC+QJ9pWVzv+C4/U3rRsHapFfHvQFoFB92e52xeyGMcX6/OlIl78je1u8vePzYZSkkogMPJ2yjxxsb89cxyw==}
    dev: false
